
Microsoft Visual Studio Solution File, Format Version 12.00
# Visual Studio 15
VisualStudioVersion = 15.0.27004.2010
MinimumVisualStudioVersion = 10.0.40219.1
Project("{FAE04EC0-301F-11D3-BF4B-00C04F79EFBC}") = "MachineLearning", "MachineLearning\MachineLearning.csproj", "{1984883C-961E-4EB1-9BDE-014AC6BFA3AD}"
EndProject
Global
	GlobalSection(SolutionConfigurationPlatforms) = preSolution
		Debug|Any CPU = Debug|Any CPU
		Release|Any CPU = Release|Any CPU
	EndGlobalSection
	GlobalSection(ProjectConfigurationPlatforms) = postSolution
		{1984883C-961E-4EB1-9BDE-014AC6BFA3AD}.Debug|Any CPU.ActiveCfg = Debug|Any CPU
		{1984883C-961E-4EB1-9BDE-014AC6BFA3AD}.Debug|Any CPU.Build.0 = Debug|Any CPU
		{1984883C-961E-4EB1-9BDE-014AC6BFA3AD}.Release|Any CPU.ActiveCfg = Release|Any CPU
		{1984883C-961E-4EB1-9BDE-014AC6BFA3AD}.Release|Any CPU.Build.0 = Release|Any CPU
	EndGlobalSection
	GlobalSection(SolutionProperties) = preSolution
		HideSolutionNode = FALSE
	EndGlobalSection
	GlobalSection(ExtensibilityGlobals) = postSolution
		SolutionGuid = {9A09D52C-A34C-41D5-A8FA-E188BB9FC0B6}
	EndGlobalSection
EndGlobal
